
Microsoft Visual Studio Solution File, Format Version 12.00
# Visual Studio Version 17
VisualStudioVersion = 17.13.35931.197 d17.13
MinimumVisualStudioVersion = 10.0.40219.1
Project("{54A90642-561A-4BB1-A94E-469ADEE60C69}") = "library.client", "library.client\library.client.esproj", "{4B784A10-7FA1-B890-96A0-345B78B9F17C}"
EndProject
Project("{FAE04EC0-301F-11D3-BF4B-00C04F79EFBC}") = "library.Server", "library.Server\library.Server.csproj", "{42203062-0821-4EC2-A704-DB7575C9C440}"
EndProject
Global
	GlobalSection(SolutionConfigurationPlatforms) = preSolution
		Debug|Any CPU = Debug|Any CPU
		Release|Any CPU = Release|Any CPU
	EndGlobalSection
	GlobalSection(ProjectConfigurationPlatforms) = postSolution
		{4B784A10-7FA1-B890-96A0-345B78B9F17C}.Debug|Any CPU.ActiveCfg = Debug|Any CPU
		{4B784A10-7FA1-B890-96A0-345B78B9F17C}.Debug|Any CPU.Build.0 = Debug|Any CPU
		{4B784A10-7FA1-B890-96A0-345B78B9F17C}.Debug|Any CPU.Deploy.0 = Debug|Any CPU
		{4B784A10-7FA1-B890-96A0-345B78B9F17C}.Release|Any CPU.ActiveCfg = Release|Any CPU
		{4B784A10-7FA1-B890-96A0-345B78B9F17C}.Release|Any CPU.Build.0 = Release|Any CPU
		{4B784A10-7FA1-B890-96A0-345B78B9F17C}.Release|Any CPU.Deploy.0 = Release|Any CPU
		{42203062-0821-4EC2-A704-DB7575C9C440}.Debug|Any CPU.ActiveCfg = Debug|Any CPU
		{42203062-0821-4EC2-A704-DB7575C9C440}.Debug|Any CPU.Build.0 = Debug|Any CPU
		{42203062-0821-4EC2-A704-DB7575C9C440}.Release|Any CPU.ActiveCfg = Release|Any CPU
		{42203062-0821-4EC2-A704-DB7575C9C440}.Release|Any CPU.Build.0 = Release|Any CPU
	EndGlobalSection
	GlobalSection(SolutionProperties) = preSolution
		HideSolutionNode = FALSE
	EndGlobalSection
	GlobalSection(ExtensibilityGlobals) = postSolution
		SolutionGuid = {B0851364-2C91-4AEB-8079-6CCB2877D482}
	EndGlobalSection
EndGlobal
